
Microsoft Visual Studio Solution File, Format Version 12.00
Project("{2150E333-8FDC-42A3-9474-1A3956D46DE8}") = "framework", "framework", "{783E4521-3F34-4AA5-910C-B4B4A34E303F}"
EndProject
Project("{FAE04EC0-301F-11D3-BF4B-00C04F79EFBC}") = "CSharp.Framework", "CSharp.Framework\CSharp.Framework.csproj", "{63C9270E-007F-456D-81FE-B341DC0B2830}"
EndProject
Project("{2150E333-8FDC-42A3-9474-1A3956D46DE8}") = "extensions", "extensions", "{91D40A77-B9B9-4057-9622-11A570A87ADB}"
EndProject
Project("{FAE04EC0-301F-11D3-BF4B-00C04F79EFBC}") = "CSharp.Extensions", "CSharp.Extensions\CSharp.Extensions.csproj", "{0A499B5B-BA42-469F-83CC-E412AF6AA8E7}"
EndProject
Project("{2150E333-8FDC-42A3-9474-1A3956D46DE8}") = "00 test", "00 test", "{D065386E-B834-4BCB-B54B-FBB4D369D081}"
EndProject
Project("{FAE04EC0-301F-11D3-BF4B-00C04F79EFBC}") = "CSharp.CodeGenerator", "CSharp.CodeGenerator\CSharp.CodeGenerator.csproj", "{099B9966-A16D-40E0-8BDC-08BA2312CD1C}"
EndProject
Project("{2150E333-8FDC-42A3-9474-1A3956D46DE8}") = "model", "model", "{760D9929-10A9-4AAE-8BBB-B12E62CB7F20}"
EndProject
Project("{FAE04EC0-301F-11D3-BF4B-00C04F79EFBC}") = "CSharp.Template.DTO", "CSharp.Template.DTO\CSharp.Template.DTO.csproj", "{3376B993-7BAC-4C5D-B52F-015A3D929B37}"
EndProject
Project("{FAE04EC0-301F-11D3-BF4B-00C04F79EFBC}") = "CSharp.Template.ViewModel", "CSharp.Template.ViewModel\CSharp.Template.ViewModel.csproj", "{43B81985-2DD6-4B9F-B83D-D16E4E940490}"
EndProject
Project("{FAE04EC0-301F-11D3-BF4B-00C04F79EFBC}") = "CSharp.Template.PersistentObject", "CSharp.Template.PersistentObject\CSharp.Template.PersistentObject.csproj", "{B9F10FD3-D4A8-44E4-8541-63B0CF4F43E8}"
EndProject
Project("{2150E333-8FDC-42A3-9474-1A3956D46DE8}") = "repositories", "repositories", "{17FBC963-307D-4402-92AA-7AA83CD6D918}"
EndProject
Project("{2150E333-8FDC-42A3-9474-1A3956D46DE8}") = "services", "services", "{09FB559D-AFC8-4857-B182-AEE821839427}"
EndProject
Project("{FAE04EC0-301F-11D3-BF4B-00C04F79EFBC}") = "CSharp.Template.IRepositories", "CSharp.Template.IRepositories\CSharp.Template.IRepositories.csproj", "{950FCD53-B0F5-41D0-A35D-5C3779FD242D}"
EndProject
Project("{FAE04EC0-301F-11D3-BF4B-00C04F79EFBC}") = "CSharp.Template.Repositories", "CSharp.Template.Repositories\CSharp.Template.Repositories.csproj", "{A5AC7650-F546-4966-9128-53968B3C03F5}"
EndProject
Project("{FAE04EC0-301F-11D3-BF4B-00C04F79EFBC}") = "CSharp.Template.IServices", "CSharp.Template.IServices\CSharp.Template.IServices.csproj", "{9936F632-4693-43BC-A131-227273B200FA}"
EndProject
Project("{FAE04EC0-301F-11D3-BF4B-00C04F79EFBC}") = "CSharp.Template.Services", "CSharp.Template.Services\CSharp.Template.Services.csproj", "{786DC5DD-30FD-44CF-B187-D734BEBA39C6}"
EndProject
Project("{FAE04EC0-301F-11D3-BF4B-00C04F79EFBC}") = "CSharp.Template.WebApi", "CSharp.Template.WebApi\CSharp.Template.WebApi.csproj", "{C4C36269-0336-40C8-A62E-07C5620FF538}"
EndProject
Project("{FAE04EC0-301F-11D3-BF4B-00C04F79EFBC}") = "CSharp.Template.Web", "CSharp.Template.Web\CSharp.Template.Web.csproj", "{E6722086-2BB9-4B66-9CCE-1B0CD2F22B93}"
EndProject
Project("{FAE04EC0-301F-11D3-BF4B-00C04F79EFBC}") = "CSharp.Template.Scheduler", "CSharp.Template.Scheduler\CSharp.Template.Scheduler.csproj", "{B9D2EE69-5F29-416D-B4D3-551E2F87230D}"
EndProject
Project("{FAE04EC0-301F-11D3-BF4B-00C04F79EFBC}") = "CSharp.Template.WindowsService", "CSharp.Template.WindowsService\CSharp.Template.WindowsService.csproj", "{ACE8533D-FABA-4E0C-81A0-EC0C754A55E6}"
EndProject
Project("{FAE04EC0-301F-11D3-BF4B-00C04F79EFBC}") = "CSharp.Template.ConsoleApplication", "CSharp.Template.ConsoleApplication\CSharp.Template.ConsoleApplication.csproj", "{6BCFE338-0925-494D-B789-1EB9D9C76C48}"
EndProject
Project("{FAE04EC0-301F-11D3-BF4B-00C04F79EFBC}") = "CSharp.Framework.UnitTest", "00 test\CSharp.Framework.UnitTest\CSharp.Framework.UnitTest.csproj", "{F15A164E-577E-4767-8F9B-044FC4BBABD0}"
EndProject
Project("{FAE04EC0-301F-11D3-BF4B-00C04F79EFBC}") = "CSharp.Template.Repositories.UnitTest", "00 test\CSharp.Template.Repositories.UnitTest\CSharp.Template.Repositories.UnitTest.csproj", "{A054A585-D640-41D7-97BC-C2D5872812F0}"
EndProject
Project("{FAE04EC0-301F-11D3-BF4B-00C04F79EFBC}") = "CSharp.Template.WebApi.UnitTest", "00 test\CSharp.Template.WebApi.UnitTest\CSharp.Template.WebApi.UnitTest.csproj", "{0845DB90-8BED-4286-86BE-B05AA8679536}"
EndProject
Project("{FAE04EC0-301F-11D3-BF4B-00C04F79EFBC}") = "CSharp.StackExchangeRedis.UnitTest", "00 test\CSharp.StackExchangeRedis.UnitTest\CSharp.StackExchangeRedis.UnitTest.csproj", "{497650E6-FD1E-49CA-9262-253C4E454017}"
EndProject
Project("{FAE04EC0-301F-11D3-BF4B-00C04F79EFBC}") = "CSharp.StackExchangeRedis", "CSharp.StackExchangeRedis\CSharp.StackExchangeRedis.csproj", "{92391E89-59CF-4693-A63D-691EF004E9B8}"
EndProject
Global
	GlobalSection(SolutionConfigurationPlatforms) = preSolution
		Debug|Any CPU = Debug|Any CPU
		Release|Any CPU = Release|Any CPU
	EndGlobalSection
	GlobalSection(NestedProjects) = preSolution
		{63C9270E-007F-456D-81FE-B341DC0B2830} = {783E4521-3F34-4AA5-910C-B4B4A34E303F}
		{0A499B5B-BA42-469F-83CC-E412AF6AA8E7} = {91D40A77-B9B9-4057-9622-11A570A87ADB}
		{099B9966-A16D-40E0-8BDC-08BA2312CD1C} = {783E4521-3F34-4AA5-910C-B4B4A34E303F}
		{3376B993-7BAC-4C5D-B52F-015A3D929B37} = {760D9929-10A9-4AAE-8BBB-B12E62CB7F20}
		{43B81985-2DD6-4B9F-B83D-D16E4E940490} = {760D9929-10A9-4AAE-8BBB-B12E62CB7F20}
		{B9F10FD3-D4A8-44E4-8541-63B0CF4F43E8} = {760D9929-10A9-4AAE-8BBB-B12E62CB7F20}
		{950FCD53-B0F5-41D0-A35D-5C3779FD242D} = {17FBC963-307D-4402-92AA-7AA83CD6D918}
		{A5AC7650-F546-4966-9128-53968B3C03F5} = {17FBC963-307D-4402-92AA-7AA83CD6D918}
		{9936F632-4693-43BC-A131-227273B200FA} = {09FB559D-AFC8-4857-B182-AEE821839427}
		{786DC5DD-30FD-44CF-B187-D734BEBA39C6} = {09FB559D-AFC8-4857-B182-AEE821839427}
		{F15A164E-577E-4767-8F9B-044FC4BBABD0} = {D065386E-B834-4BCB-B54B-FBB4D369D081}
		{A054A585-D640-41D7-97BC-C2D5872812F0} = {D065386E-B834-4BCB-B54B-FBB4D369D081}
		{0845DB90-8BED-4286-86BE-B05AA8679536} = {D065386E-B834-4BCB-B54B-FBB4D369D081}
		{497650E6-FD1E-49CA-9262-253C4E454017} = {D065386E-B834-4BCB-B54B-FBB4D369D081}
		{92391E89-59CF-4693-A63D-691EF004E9B8} = {783E4521-3F34-4AA5-910C-B4B4A34E303F}
	EndGlobalSection
	GlobalSection(ProjectConfigurationPlatforms) = postSolution
		{63C9270E-007F-456D-81FE-B341DC0B2830}.Debug|Any CPU.ActiveCfg = Debug|Any CPU
		{63C9270E-007F-456D-81FE-B341DC0B2830}.Debug|Any CPU.Build.0 = Debug|Any CPU
		{63C9270E-007F-456D-81FE-B341DC0B2830}.Release|Any CPU.ActiveCfg = Release|Any CPU
		{63C9270E-007F-456D-81FE-B341DC0B2830}.Release|Any CPU.Build.0 = Release|Any CPU
		{0A499B5B-BA42-469F-83CC-E412AF6AA8E7}.Debug|Any CPU.ActiveCfg = Debug|Any CPU
		{0A499B5B-BA42-469F-83CC-E412AF6AA8E7}.Debug|Any CPU.Build.0 = Debug|Any CPU
		{0A499B5B-BA42-469F-83CC-E412AF6AA8E7}.Release|Any CPU.ActiveCfg = Release|Any CPU
		{0A499B5B-BA42-469F-83CC-E412AF6AA8E7}.Release|Any CPU.Build.0 = Release|Any CPU
		{099B9966-A16D-40E0-8BDC-08BA2312CD1C}.Debug|Any CPU.ActiveCfg = Debug|Any CPU
		{099B9966-A16D-40E0-8BDC-08BA2312CD1C}.Debug|Any CPU.Build.0 = Debug|Any CPU
		{099B9966-A16D-40E0-8BDC-08BA2312CD1C}.Release|Any CPU.ActiveCfg = Release|Any CPU
		{099B9966-A16D-40E0-8BDC-08BA2312CD1C}.Release|Any CPU.Build.0 = Release|Any CPU
		{3376B993-7BAC-4C5D-B52F-015A3D929B37}.Debug|Any CPU.ActiveCfg = Debug|Any CPU
		{3376B993-7BAC-4C5D-B52F-015A3D929B37}.Debug|Any CPU.Build.0 = Debug|Any CPU
		{3376B993-7BAC-4C5D-B52F-015A3D929B37}.Release|Any CPU.ActiveCfg = Release|Any CPU
		{3376B993-7BAC-4C5D-B52F-015A3D929B37}.Release|Any CPU.Build.0 = Release|Any CPU
		{43B81985-2DD6-4B9F-B83D-D16E4E940490}.Debug|Any CPU.ActiveCfg = Debug|Any CPU
		{43B81985-2DD6-4B9F-B83D-D16E4E940490}.Debug|Any CPU.Build.0 = Debug|Any CPU
		{43B81985-2DD6-4B9F-B83D-D16E4E940490}.Release|Any CPU.ActiveCfg = Release|Any CPU
		{43B81985-2DD6-4B9F-B83D-D16E4E940490}.Release|Any CPU.Build.0 = Release|Any CPU
		{B9F10FD3-D4A8-44E4-8541-63B0CF4F43E8}.Debug|Any CPU.ActiveCfg = Debug|Any CPU
		{B9F10FD3-D4A8-44E4-8541-63B0CF4F43E8}.Debug|Any CPU.Build.0 = Debug|Any CPU
		{B9F10FD3-D4A8-44E4-8541-63B0CF4F43E8}.Release|Any CPU.ActiveCfg = Release|Any CPU
		{B9F10FD3-D4A8-44E4-8541-63B0CF4F43E8}.Release|Any CPU.Build.0 = Release|Any CPU
		{950FCD53-B0F5-41D0-A35D-5C3779FD242D}.Debug|Any CPU.ActiveCfg = Debug|Any CPU
		{950FCD53-B0F5-41D0-A35D-5C3779FD242D}.Debug|Any CPU.Build.0 = Debug|Any CPU
		{950FCD53-B0F5-41D0-A35D-5C3779FD242D}.Release|Any CPU.ActiveCfg = Release|Any CPU
		{950FCD53-B0F5-41D0-A35D-5C3779FD242D}.Release|Any CPU.Build.0 = Release|Any CPU
		{A5AC7650-F546-4966-9128-53968B3C03F5}.Debug|Any CPU.ActiveCfg = Debug|Any CPU
		{A5AC7650-F546-4966-9128-53968B3C03F5}.Debug|Any CPU.Build.0 = Debug|Any CPU
		{A5AC7650-F546-4966-9128-53968B3C03F5}.Release|Any CPU.ActiveCfg = Release|Any CPU
		{A5AC7650-F546-4966-9128-53968B3C03F5}.Release|Any CPU.Build.0 = Release|Any CPU
		{9936F632-4693-43BC-A131-227273B200FA}.Debug|Any CPU.ActiveCfg = Debug|Any CPU
		{9936F632-4693-43BC-A131-227273B200FA}.Debug|Any CPU.Build.0 = Debug|Any CPU
		{9936F632-4693-43BC-A131-227273B200FA}.Release|Any CPU.ActiveCfg = Release|Any CPU
		{9936F632-4693-43BC-A131-227273B200FA}.Release|Any CPU.Build.0 = Release|Any CPU
		{786DC5DD-30FD-44CF-B187-D734BEBA39C6}.Debug|Any CPU.ActiveCfg = Debug|Any CPU
		{786DC5DD-30FD-44CF-B187-D734BEBA39C6}.Debug|Any CPU.Build.0 = Debug|Any CPU
		{786DC5DD-30FD-44CF-B187-D734BEBA39C6}.Release|Any CPU.ActiveCfg = Release|Any CPU
		{786DC5DD-30FD-44CF-B187-D734BEBA39C6}.Release|Any CPU.Build.0 = Release|Any CPU
		{C4C36269-0336-40C8-A62E-07C5620FF538}.Debug|Any CPU.ActiveCfg = Debug|Any CPU
		{C4C36269-0336-40C8-A62E-07C5620FF538}.Debug|Any CPU.Build.0 = Debug|Any CPU
		{C4C36269-0336-40C8-A62E-07C5620FF538}.Release|Any CPU.ActiveCfg = Release|Any CPU
		{C4C36269-0336-40C8-A62E-07C5620FF538}.Release|Any CPU.Build.0 = Release|Any CPU
		{E6722086-2BB9-4B66-9CCE-1B0CD2F22B93}.Debug|Any CPU.ActiveCfg = Debug|Any CPU
		{E6722086-2BB9-4B66-9CCE-1B0CD2F22B93}.Debug|Any CPU.Build.0 = Debug|Any CPU
		{E6722086-2BB9-4B66-9CCE-1B0CD2F22B93}.Release|Any CPU.ActiveCfg = Release|Any CPU
		{E6722086-2BB9-4B66-9CCE-1B0CD2F22B93}.Release|Any CPU.Build.0 = Release|Any CPU
		{B9D2EE69-5F29-416D-B4D3-551E2F87230D}.Debug|Any CPU.ActiveCfg = Debug|Any CPU
		{B9D2EE69-5F29-416D-B4D3-551E2F87230D}.Debug|Any CPU.Build.0 = Debug|Any CPU
		{B9D2EE69-5F29-416D-B4D3-551E2F87230D}.Release|Any CPU.ActiveCfg = Release|Any CPU
		{B9D2EE69-5F29-416D-B4D3-551E2F87230D}.Release|Any CPU.Build.0 = Release|Any CPU
		{ACE8533D-FABA-4E0C-81A0-EC0C754A55E6}.Debug|Any CPU.ActiveCfg = Debug|Any CPU
		{ACE8533D-FABA-4E0C-81A0-EC0C754A55E6}.Debug|Any CPU.Build.0 = Debug|Any CPU
		{ACE8533D-FABA-4E0C-81A0-EC0C754A55E6}.Release|Any CPU.ActiveCfg = Release|Any CPU
		{ACE8533D-FABA-4E0C-81A0-EC0C754A55E6}.Release|Any CPU.Build.0 = Release|Any CPU
		{6BCFE338-0925-494D-B789-1EB9D9C76C48}.Debug|Any CPU.ActiveCfg = Debug|Any CPU
		{6BCFE338-0925-494D-B789-1EB9D9C76C48}.Debug|Any CPU.Build.0 = Debug|Any CPU
		{6BCFE338-0925-494D-B789-1EB9D9C76C48}.Release|Any CPU.ActiveCfg = Release|Any CPU
		{6BCFE338-0925-494D-B789-1EB9D9C76C48}.Release|Any CPU.Build.0 = Release|Any CPU
		{F15A164E-577E-4767-8F9B-044FC4BBABD0}.Debug|Any CPU.ActiveCfg = Debug|Any CPU
		{F15A164E-577E-4767-8F9B-044FC4BBABD0}.Debug|Any CPU.Build.0 = Debug|Any CPU
		{F15A164E-577E-4767-8F9B-044FC4BBABD0}.Release|Any CPU.ActiveCfg = Release|Any CPU
		{F15A164E-577E-4767-8F9B-044FC4BBABD0}.Release|Any CPU.Build.0 = Release|Any CPU
		{A054A585-D640-41D7-97BC-C2D5872812F0}.Debug|Any CPU.ActiveCfg = Debug|Any CPU
		{A054A585-D640-41D7-97BC-C2D5872812F0}.Debug|Any CPU.Build.0 = Debug|Any CPU
		{A054A585-D640-41D7-97BC-C2D5872812F0}.Release|Any CPU.ActiveCfg = Release|Any CPU
		{A054A585-D640-41D7-97BC-C2D5872812F0}.Release|Any CPU.Build.0 = Release|Any CPU
		{0845DB90-8BED-4286-86BE-B05AA8679536}.Debug|Any CPU.ActiveCfg = Debug|Any CPU
		{0845DB90-8BED-4286-86BE-B05AA8679536}.Debug|Any CPU.Build.0 = Debug|Any CPU
		{0845DB90-8BED-4286-86BE-B05AA8679536}.Release|Any CPU.ActiveCfg = Release|Any CPU
		{0845DB90-8BED-4286-86BE-B05AA8679536}.Release|Any CPU.Build.0 = Release|Any CPU
		{497650E6-FD1E-49CA-9262-253C4E454017}.Debug|Any CPU.ActiveCfg = Debug|Any CPU
		{497650E6-FD1E-49CA-9262-253C4E454017}.Debug|Any CPU.Build.0 = Debug|Any CPU
		{497650E6-FD1E-49CA-9262-253C4E454017}.Release|Any CPU.ActiveCfg = Release|Any CPU
		{497650E6-FD1E-49CA-9262-253C4E454017}.Release|Any CPU.Build.0 = Release|Any CPU
		{92391E89-59CF-4693-A63D-691EF004E9B8}.Debug|Any CPU.ActiveCfg = Debug|Any CPU
		{92391E89-59CF-4693-A63D-691EF004E9B8}.Debug|Any CPU.Build.0 = Debug|Any CPU
		{92391E89-59CF-4693-A63D-691EF004E9B8}.Release|Any CPU.ActiveCfg = Release|Any CPU
		{92391E89-59CF-4693-A63D-691EF004E9B8}.Release|Any CPU.Build.0 = Release|Any CPU
	EndGlobalSection
EndGlobal
